
Microsoft Visual Studio Solution File, Format Version 12.00
# Visual Studio 15
VisualStudioVersion = 15.0.27703.2035
MinimumVisualStudioVersion = 10.0.40219.1
Project("{FAE04EC0-301F-11D3-BF4B-00C04F79EFBC}") = "ticketSystem", "ticketSystem\ticketSystem.csproj", "{45CF694E-26FD-4E9E-9DEF-024DE498493B}"
EndProject
Global
	GlobalSection(SolutionConfigurationPlatforms) = preSolution
		Debug|Any CPU = Debug|Any CPU
		Release|Any CPU = Release|Any CPU
	EndGlobalSection
	GlobalSection(ProjectConfigurationPlatforms) = postSolution
		{45CF694E-26FD-4E9E-9DEF-024DE498493B}.Debug|Any CPU.ActiveCfg = Debug|Any CPU
		{45CF694E-26FD-4E9E-9DEF-024DE498493B}.Debug|Any CPU.Build.0 = Debug|Any CPU
		{45CF694E-26FD-4E9E-9DEF-024DE498493B}.Release|Any CPU.ActiveCfg = Release|Any CPU
		{45CF694E-26FD-4E9E-9DEF-024DE498493B}.Release|Any CPU.Build.0 = Release|Any CPU
	EndGlobalSection
	GlobalSection(SolutionProperties) = preSolution
		HideSolutionNode = FALSE
	EndGlobalSection
	GlobalSection(ExtensibilityGlobals) = postSolution
		SolutionGuid = {B81F8FB8-DB0A-4BE7-83C1-767B35C34708}
	EndGlobalSection
EndGlobal
